// !$*UTF8*$!
{
	archiveVersion = 1;
	classes = {
	};
	objectVersion = 50;
	objects = {

/* Begin PBXBuildFile section */
		642367B5236A12F1006DE9A4 /* AppDelegate.swift in Sources */ = {isa = PBXBuildFile; fileRef = 642367B4236A12F1006DE9A4 /* AppDelegate.swift */; };
		642367B7236A12F1006DE9A4 /* SceneDelegate.swift in Sources */ = {isa = PBXBuildFile; fileRef = 642367B6236A12F1006DE9A4 /* SceneDelegate.swift */; };
		642367B9236A12F1006DE9A4 /* ViewController.swift in Sources */ = {isa = PBXBuildFile; fileRef = 642367B8236A12F1006DE9A4 /* ViewController.swift */; };
		642367BC236A12F1006DE9A4 /* Main.storyboard in Resources */ = {isa = PBXBuildFile; fileRef = 642367BA236A12F1006DE9A4 /* Main.storyboard */; };
		642367BE236A12F2006DE9A4 /* Assets.xcassets in Resources */ = {isa = PBXBuildFile; fileRef = 642367BD236A12F2006DE9A4 /* Assets.xcassets */; };
		642367C1236A12F2006DE9A4 /* LaunchScreen.storyboard in Resources */ = {isa = PBXBuildFile; fileRef = 642367BF236A12F2006DE9A4 /* LaunchScreen.storyboard */; };
		642367C9236A19AE006DE9A4 /* Dikshant_Dudhat_MTLTA_Model.swift in Sources */ = {isa = PBXBuildFile; fileRef = 642367C8236A19AE006DE9A4 /* Dikshant_Dudhat_MTLTA_Model.swift */; };
/* End PBXBuildFile section */

/* Begin PBXFileReference section */
		642367B1236A12F1006DE9A4 /* Dikshant_Dudhat_Montreal_Tourist_Attractions.app */ = {isa = PBXFileReference; explicitFileType = wrapper.application; includeInIndex = 0; path = Dikshant_Dudhat_Montreal_Tourist_Attractions.app; sourceTree = BUILT_PRODUCTS_DIR; };
		642367B4236A12F1006DE9A4 /* AppDelegate.swift */ = {isa = PBXFileReference; lastKnownFileType = sourcecode.swift; path = AppDelegate.swift; sourceTree = "<group>"; };
		642367B6236A12F1006DE9A4 /* SceneDelegate.swift */ = {isa = PBXFileReference; lastKnownFileType = sourcecode.swift; path = SceneDelegate.swift; sourceTree = "<group>"; };
		642367B8236A12F1006DE9A4 /* ViewController.swift */ = {isa = PBXFileReference; lastKnownFileType = sourcecode.swift; path = ViewController.swift; sourceTree = "<group>"; };
		642367BB236A12F1006DE9A4 /* Base */ = {isa = PBXFileReference; lastKnownFileType = file.storyboard; name = Base; path = Base.lproj/Main.storyboard; sourceTree = "<group>"; };
		642367BD236A12F2006DE9A4 /* Assets.xcassets */ = {isa = PBXFileReference; lastKnownFileType = folder.assetcatalog; path = Assets.xcassets; sourceTree = "<group>"; };
		642367C0236A12F2006DE9A4 /* Base */ = {isa = PBXFileReference; lastKnownFileType = file.storyboard; name = Base; path = Base.lproj/LaunchScreen.storyboard; sourceTree = "<group>"; };
		642367C2236A12F2006DE9A4 /* Info.plist */ = {isa = PBXFileReference; lastKnownFileType = text.plist.xml; path = Info.plist; sourceTree = "<group>"; };
		642367C8236A19AE006DE9A4 /* Dikshant_Dudhat_MTLTA_Model.swift */ = {isa = PBXFileReference; lastKnownFileType = sourcecode.swift; path = Dikshant_Dudhat_MTLTA_Model.swift; sourceTree = "<group>"; };
/* End PBXFileReference section */

/* Begin PBXFrameworksBuildPhase section */
		642367AE236A12F1006DE9A4 /* Frameworks */ = {
			isa = PBXFrameworksBuildPhase;
			buildActionMask = 2147483647;
			files = (
			);
			runOnlyForDeploymentPostprocessing = 0;
		};
/* End PBXFrameworksBuildPhase section */

/* Begin PBXGroup section */
		642367A8236A12F1006DE9A4 = {
			isa = PBXGroup;
			children = (
				642367B3236A12F1006DE9A4 /* Dikshant_Dudhat_Montreal_Tourist_Attractions */,
				642367B2236A12F1006DE9A4 /* Products */,
			);
			sourceTree = "<group>";
		};
		642367B2236A12F1006DE9A4 /* Products */ = {
			isa = PBXGroup;
			children = (
				642367B1236A12F1006DE9A4 /* Dikshant_Dudhat_Montreal_Tourist_Attractions.app */,
			);
			name = Products;
			sourceTree = "<group>";
		};
		642367B3236A12F1006DE9A4 /* Dikshant_Dudhat_Montreal_Tourist_Attractions */ = {
			isa = PBXGroup;
			children = (
				642367B4236A12F1006DE9A4 /* AppDelegate.swift */,
				642367B6236A12F1006DE9A4 /* SceneDelegate.swift */,
				642367B8236A12F1006DE9A4 /* ViewController.swift */,
				642367BA236A12F1006DE9A4 /* Main.storyboard */,
				642367BD236A12F2006DE9A4 /* Assets.xcassets */,
				642367BF236A12F2006DE9A4 /* LaunchScreen.storyboard */,
				642367C2236A12F2006DE9A4 /* Info.plist */,
				642367C8236A19AE006DE9A4 /* Dikshant_Dudhat_MTLTA_Model.swift */,
			);
			path = Dikshant_Dudhat_Montreal_Tourist_Attractions;
			sourceTree = "<group>";
		};
/* End PBXGroup section */

/* Begin PBXNativeTarget section */
		642367B0236A12F1006DE9A4 /* Dikshant_Dudhat_Montreal_Tourist_Attractions */ = {
			isa = PBXNativeTarget;
			buildConfigurationList = 642367C5236A12F2006DE9A4 /* Build configuration list for PBXNativeTarget "Dikshant_Dudhat_Montreal_Tourist_Attractions" */;
			buildPhases = (
				642367AD236A12F1006DE9A4 /* Sources */,
				642367AE236A12F1006DE9A4 /* Frameworks */,
				642367AF236A12F1006DE9A4 /* Resources */,
			);
			buildRules = (
			);
			dependencies = (
			);
			name = Dikshant_Dudhat_Montreal_Tourist_Attractions;
			productName = Dikshant_Dudhat_Montreal_Tourist_Attractions;
			productReference = 642367B1236A12F1006DE9A4 /* Dikshant_Dudhat_Montreal_Tourist_Attractions.app */;
			productType = "com.apple.product-type.application";
		};
/* End PBXNativeTarget section */

/* Begin PBXProject section */
		642367A9236A12F1006DE9A4 /* Project object */ = {
			isa = PBXProject;
			attributes = {
				LastSwiftUpdateCheck = 1110;
				LastUpgradeCheck = 1110;
				ORGANIZATIONNAME = "Dikshant Dudhat";
				TargetAttributes = {
					642367B0236A12F1006DE9A4 = {
						CreatedOnToolsVersion = 11.1;
					};
				};
			};
			buildConfigurationList = 642367AC236A12F1006DE9A4 /* Build configuration list for PBXProject "Dikshant_Dudhat_Montreal_Tourist_Attractions" */;
			compatibilityVersion = "Xcode 9.3";
			developmentRegion = en;
			hasScannedForEncodings = 0;
			knownRegions = (
				en,
				Base,
			);
			mainGroup = 642367A8236A12F1006DE9A4;
			productRefGroup = 642367B2236A12F1006DE9A4 /* Products */;
			projectDirPath = "";
			projectRoot = "";
			targets = (
				642367B0236A12F1006DE9A4 /* Dikshant_Dudhat_Montreal_Tourist_Attractions */,
			);
		};
/* End PBXProject section */

/* Begin PBXResourcesBuildPhase section */
		642367AF236A12F1006DE9A4 /* Resources */ = {
			isa = PBXResourcesBuildPhase;
			buildActionMask = 2147483647;
			files = (
				642367C1236A12F2006DE9A4 /* LaunchScreen.storyboard in Resources */,
				642367BE236A12F2006DE9A4 /* Assets.xcassets in Resources */,
				642367BC236A12F1006DE9A4 /* Main.storyboard in Resources */,
			);
			runOnlyForDeploymentPostprocessing = 0;
		};
/* End PBXResourcesBuildPhase section */

/* Begin PBXSourcesBuildPhase section */
		642367AD236A12F1006DE9A4 /* Sources */ = {
			isa = PBXSourcesBuildPhase;
			buildActionMask = 2147483647;
			files = (
				642367C9236A19AE006DE9A4 /* Dikshant_Dudhat_MTLTA_Model.swift in Sources */,
				642367B9236A12F1006DE9A4 /* ViewController.swift in Sources */,
				642367B5236A12F1006DE9A4 /* AppDelegate.swift in Sources */,
				642367B7236A12F1006DE9A4 /* SceneDelegate.swift in Sources */,
			);
			runOnlyForDeploymentPostprocessing = 0;
		};
/* End PBXSourcesBuildPhase section */

/* Begin PBXVariantGroup section */
		642367BA236A12F1006DE9A4 /* Main.storyboard */ = {
			isa = PBXVariantGroup;
			children = (
				642367BB236A12F1006DE9A4 /* Base */,
			);
			name = Main.storyboard;
			sourceTree = "<group>";
		};
		642367BF236A12F2006DE9A4 /* LaunchScreen.storyboard */ = {
			isa = PBXVariantGroup;
			children = (
				642367C0236A12F2006DE9A4 /* Base */,
			);
			name = LaunchScreen.storyboard;
			sourceTree = "<group>";
		};
/* End PBXVariantGroup section */

/* Begin XCBuildConfiguration section */
		642367C3236A12F2006DE9A4 /* Debug */ = {
			isa = XCBuildConfiguration;
			buildSettings = {
				ALWAYS_SEARCH_USER_PATHS = NO;
				CLANG_ANALYZER_NONNULL = YES;
				CLANG_ANALYZER_NUMBER_OBJECT_CONVERSION = YES_AGGRESSIVE;
				CLANG_CXX_LANGUAGE_STANDARD = "gnu++14";
				CLANG_CXX_LIBRARY = "libc++";
				CLANG_ENABLE_MODULES = YES;
				CLANG_ENABLE_OBJC_ARC = YES;
				CLANG_ENABLE_OBJC_WEAK = YES;
				CLANG_WARN_BLOCK_CAPTURE_AUTORELEASING = YES;
				CLANG_WARN_BOOL_CONVERSION = YES;
				CLANG_WARN_COMMA = YES;
				CLANG_WARN_CONSTANT_CONVERSION = YES;
				CLANG_WARN_DEPRECATED_OBJC_IMPLEMENTATIONS = YES;
				CLANG_WARN_DIRECT_OBJC_ISA_USAGE = YES_ERROR;
				CLANG_WARN_DOCUMENTATION_COMMENTS = YES;
				CLANG_WARN_EMPTY_BODY = YES;
				CLANG_WARN_ENUM_CONVERSION = YES;
				CLANG_WARN_INFINITE_RECURSION = YES;
				CLANG_WARN_INT_CONVERSION = YES;
				CLANG_WARN_NON_LITERAL_NULL_CONVERSION = YES;
				CLANG_WARN_OBJC_IMPLICIT_RETAIN_SELF = YES;
				CLANG_WARN_OBJC_LITERAL_CONVERSION = YES;
				CLANG_WARN_OBJC_ROOT_CLASS = YES_ERROR;
				CLANG_WARN_RANGE_LOOP_ANALYSIS = YES;
				CLANG_WARN_STRICT_PROTOTYPES = YES;
				CLANG_WARN_SUSPICIOUS_MOVE = YES;
				CLANG_WARN_UNGUARDED_AVAILABILITY = YES_AGGRESSIVE;
				CLANG_WARN_UNREACHABLE_CODE = YES;
				CLANG_WARN__DUPLICATE_METHOD_MATCH = YES;
				COPY_PHASE_STRIP = NO;
				DEBUG_INFORMATION_FORMAT = dwarf;
				ENABLE_STRICT_OBJC_MSGSEND = YES;
				ENABLE_TESTABILITY = YES;
				GCC_C_LANGUAGE_STANDARD = gnu11;
				GCC_DYNAMIC_NO_PIC = NO;
				GCC_NO_COMMON_BLOCKS = YES;
				GCC_OPTIMIZATION_LEVEL = 0;
				GCC_PREPROCESSOR_DEFINITIONS = (
					"DEBUG=1",
					"$(inherited)",
				);
				GCC_WARN_64_TO_32_BIT_CONVERSION = YES;
				GCC_WARN_ABOUT_RETURN_TYPE = YES_ERROR;
				GCC_WARN_UNDECLARED_SELECTOR = YES;
				GCC_WARN_UNINITIALIZED_AUTOS = YES_AGGRESSIVE;
				GCC_WARN_UNUSED_FUNCTION = YES;
				GCC_WARN_UNUSED_VARIABLE = YES;
				IPHONEOS_DEPLOYMENT_TARGET = 13.1;
				MTL_ENABLE_DEBUG_INFO = INCLUDE_SOURCE;
				MTL_FAST_MATH = YES;
				ONLY_ACTIVE_ARCH = YES;
				SDKROOT = iphoneos;
				SWIFT_ACTIVE_COMPILATION_CONDITIONS = DEBUG;
				SWIFT_OPTIMIZATION_LEVEL = "-Onone";
			};
			name = Debug;
		};
		642367C4236A12F2006DE9A4 /* Release */ = {
			isa = XCBuildConfiguration;
			buildSettings = {
				ALWAYS_SEARCH_USER_PATHS = NO;
				CLANG_ANALYZER_NONNULL = YES;
				CLANG_ANALYZER_NUMBER_OBJECT_CONVERSION = YES_AGGRESSIVE;
				CLANG_CXX_LANGUAGE_STANDARD = "gnu++14";
				CLANG_CXX_LIBRARY = "libc++";
				CLANG_ENABLE_MODULES = YES;
				CLANG_ENABLE_OBJC_ARC = YES;
				CLANG_ENABLE_OBJC_WEAK = YES;
				CLANG_WARN_BLOCK_CAPTURE_AUTORELEASING = YES;
				CLANG_WARN_BOOL_CONVERSION = YES;
				CLANG_WARN_COMMA = YES;
				CLANG_WARN_CONSTANT_CONVERSION = YES;
				CLANG_WARN_DEPRECATED_OBJC_IMPLEMENTATIONS = YES;
				CLANG_WARN_DIRECT_OBJC_ISA_USAGE = YES_ERROR;
				CLANG_WARN_DOCUMENTATION_COMMENTS = YES;
				CLANG_WARN_EMPTY_BODY = YES;
				CLANG_WARN_ENUM_CONVERSION = YES;
				CLANG_WARN_INFINITE_RECURSION = YES;
				CLANG_WARN_INT_CONVERSION = YES;
				CLANG_WARN_NON_LITERAL_NULL_CONVERSION = YES;
				CLANG_WARN_OBJC_IMPLICIT_RETAIN_SELF = YES;
				CLANG_WARN_OBJC_LITERAL_CONVERSION = YES;
				CLANG_WARN_OBJC_ROOT_CLASS = YES_ERROR;
				CLANG_WARN_RANGE_LOOP_ANALYSIS = YES;
				CLANG_WARN_STRICT_PROTOTYPES = YES;
				CLANG_WARN_SUSPICIOUS_MOVE = YES;
				CLANG_WARN_UNGUARDED_AVAILABILITY = YES_AGGRESSIVE;
				CLANG_WARN_UNREACHABLE_CODE = YES;
				CLANG_WARN__DUPLICATE_METHOD_MATCH = YES;
				COPY_PHASE_STRIP = NO;
				DEBUG_INFORMATION_FORMAT = "dwarf-with-dsym";
				ENABLE_NS_ASSERTIONS = NO;
				ENABLE_STRICT_OBJC_MSGSEND = YES;
				GCC_C_LANGUAGE_STANDARD = gnu11;
				GCC_NO_COMMON_BLOCKS = YES;
				GCC_WARN_64_TO_32_BIT_CONVERSION = YES;
				GCC_WARN_ABOUT_RETURN_TYPE = YES_ERROR;
				GCC_WARN_UNDECLARED_SELECTOR = YES;
				GCC_WARN_UNINITIALIZED_AUTOS = YES_AGGRESSIVE;
				GCC_WARN_UNUSED_FUNCTION = YES;
				GCC_WARN_UNUSED_VARIABLE = YES;
				IPHONEOS_DEPLOYMENT_TARGET = 13.1;
				MTL_ENABLE_DEBUG_INFO = NO;
				MTL_FAST_MATH = YES;
				SDKROOT = iphoneos;
				SWIFT_COMPILATION_MODE = wholemodule;
				SWIFT_OPTIMIZATION_LEVEL = "-O";
				VALIDATE_PRODUCT = YES;
			};
			name = Release;
		};
		642367C6236A12F2006DE9A4 /* Debug */ = {
			isa = XCBuildConfiguration;
			buildSettings = {
				ASSETCATALOG_COMPILER_APPICON_NAME = AppIcon;
				CODE_SIGN_STYLE = Automatic;
				INFOPLIST_FILE = Dikshant_Dudhat_Montreal_Tourist_Attractions/Info.plist;
				LD_RUNPATH_SEARCH_PATHS = (
					"$(inherited)",
					"@executable_path/Frameworks",
				);
				PRODUCT_BUNDLE_IDENTIFIER = "DD.Dikshant-Dudhat-Montreal-Tourist-Attractions";
				PRODUCT_NAME = "$(TARGET_NAME)";
				SWIFT_VERSION = 5.0;
				TARGETED_DEVICE_FAMILY = "1,2";
			};
			name = Debug;
		};
		642367C7236A12F2006DE9A4 /* Release */ = {
			isa = XCBuildConfiguration;
			buildSettings = {
				ASSETCATALOG_COMPILER_APPICON_NAME = AppIcon;
				CODE_SIGN_STYLE = Automatic;
				INFOPLIST_FILE = Dikshant_Dudhat_Montreal_Tourist_Attractions/Info.plist;
				LD_RUNPATH_SEARCH_PATHS = (
					"$(inherited)",
					"@executable_path/Frameworks",
				);
				PRODUCT_BUNDLE_IDENTIFIER = "DD.Dikshant-Dudhat-Montreal-Tourist-Attractions";
				PRODUCT_NAME = "$(TARGET_NAME)";
				SWIFT_VERSION = 5.0;
				TARGETED_DEVICE_FAMILY = "1,2";
			};
			name = Release;
		};
/* End XCBuildConfiguration section */

/* Begin XCConfigurationList section */
		642367AC236A12F1006DE9A4 /* Build configuration list for PBXProject "Dikshant_Dudhat_Montreal_Tourist_Attractions" */ = {
			isa = XCConfigurationList;
			buildConfigurations = (
				642367C3236A12F2006DE9A4 /* Debug */,
				642367C4236A12F2006DE9A4 /* Release */,
			);
			defaultConfigurationIsVisible = 0;
			defaultConfigurationName = Release;
		};
		642367C5236A12F2006DE9A4 /* Build configuration list for PBXNativeTarget "Dikshant_Dudhat_Montreal_Tourist_Attractions" */ = {
			isa = XCConfigurationList;
			buildConfigurations = (
				642367C6236A12F2006DE9A4 /* Debug */,
				642367C7236A12F2006DE9A4 /* Release */,
			);
			defaultConfigurationIsVisible = 0;
			defaultConfigurationName = Release;
		};
/* End XCConfigurationList section */
	};
	rootObject = 642367A9236A12F1006DE9A4 /* Project object */;
}
